
Microsoft Visual Studio Solution File, Format Version 12.00
# Visual Studio 15
VisualStudioVersion = 15.0.27019.1
MinimumVisualStudioVersion = 15.0.26124.0
Project("{2150E333-8FDC-42A3-9474-1A3956D46DE8}") = "JamieStorage", "JamieStorage", "{7932D7AD-6D06-43EF-BE6F-9EBC10E11C23}"
EndProject
Project("{9A19103F-16F7-4668-BE54-9A1E7A4F7556}") = "CharlotteDB.JamieStorage.Hashing", "JamieStorage\CharlotteDB.JamieStorage.Hashing\CharlotteDB.JamieStorage.Hashing.csproj", "{EBB3E04F-BC05-444B-80EA-FAAC05240330}"
EndProject
Project("{9A19103F-16F7-4668-BE54-9A1E7A4F7556}") = "CharlotteDB.JamieStorage.Hashing.Facts", "test\CharlotteDB.JamieStorage.Hashing.Facts\CharlotteDB.JamieStorage.Hashing.Facts.csproj", "{A7CAA8D5-905B-4999-8011-10B46B013CD3}"
EndProject
Project("{9A19103F-16F7-4668-BE54-9A1E7A4F7556}") = "CharlotteDB.JamieStorage.Core", "JamieStorage\CharlotteDB.JamieStorage.Core\CharlotteDB.JamieStorage.Core.csproj", "{2336E542-A82A-496D-9304-D309A38C23F3}"
EndProject
Project("{2150E333-8FDC-42A3-9474-1A3956D46DE8}") = "Samples", "Samples", "{F1BC17F8-44EF-49E0-A93A-D15F8A93BF9F}"
EndProject
Project("{9A19103F-16F7-4668-BE54-9A1E7A4F7556}") = "SampleSkipLists", "Samples\SampleSkipLists\SampleSkipLists.csproj", "{36214DCE-47CB-4FCF-94BD-D9E10D03473B}"
EndProject
Project("{2150E333-8FDC-42A3-9474-1A3956D46DE8}") = "Docs", "Docs", "{6F642AFD-F6B8-4F62-8A17-A87E19361BC6}"
	ProjectSection(SolutionItems) = preProject
		DatabaseMetaFile.md = DatabaseMetaFile.md
	EndProjectSection
EndProject
Global
	GlobalSection(SolutionConfigurationPlatforms) = preSolution
		Debug|Any CPU = Debug|Any CPU
		Debug|x64 = Debug|x64
		Debug|x86 = Debug|x86
		Release|Any CPU = Release|Any CPU
		Release|x64 = Release|x64
		Release|x86 = Release|x86
	EndGlobalSection
	GlobalSection(ProjectConfigurationPlatforms) = postSolution
		{EBB3E04F-BC05-444B-80EA-FAAC05240330}.Debug|Any CPU.ActiveCfg = Debug|Any CPU
		{EBB3E04F-BC05-444B-80EA-FAAC05240330}.Debug|Any CPU.Build.0 = Debug|Any CPU
		{EBB3E04F-BC05-444B-80EA-FAAC05240330}.Debug|x64.ActiveCfg = Debug|Any CPU
		{EBB3E04F-BC05-444B-80EA-FAAC05240330}.Debug|x64.Build.0 = Debug|Any CPU
		{EBB3E04F-BC05-444B-80EA-FAAC05240330}.Debug|x86.ActiveCfg = Debug|Any CPU
		{EBB3E04F-BC05-444B-80EA-FAAC05240330}.Debug|x86.Build.0 = Debug|Any CPU
		{EBB3E04F-BC05-444B-80EA-FAAC05240330}.Release|Any CPU.ActiveCfg = Release|Any CPU
		{EBB3E04F-BC05-444B-80EA-FAAC05240330}.Release|Any CPU.Build.0 = Release|Any CPU
		{EBB3E04F-BC05-444B-80EA-FAAC05240330}.Release|x64.ActiveCfg = Release|Any CPU
		{EBB3E04F-BC05-444B-80EA-FAAC05240330}.Release|x64.Build.0 = Release|Any CPU
		{EBB3E04F-BC05-444B-80EA-FAAC05240330}.Release|x86.ActiveCfg = Release|Any CPU
		{EBB3E04F-BC05-444B-80EA-FAAC05240330}.Release|x86.Build.0 = Release|Any CPU
		{A7CAA8D5-905B-4999-8011-10B46B013CD3}.Debug|Any CPU.ActiveCfg = Debug|Any CPU
		{A7CAA8D5-905B-4999-8011-10B46B013CD3}.Debug|Any CPU.Build.0 = Debug|Any CPU
		{A7CAA8D5-905B-4999-8011-10B46B013CD3}.Debug|x64.ActiveCfg = Debug|Any CPU
		{A7CAA8D5-905B-4999-8011-10B46B013CD3}.Debug|x64.Build.0 = Debug|Any CPU
		{A7CAA8D5-905B-4999-8011-10B46B013CD3}.Debug|x86.ActiveCfg = Debug|Any CPU
		{A7CAA8D5-905B-4999-8011-10B46B013CD3}.Debug|x86.Build.0 = Debug|Any CPU
		{A7CAA8D5-905B-4999-8011-10B46B013CD3}.Release|Any CPU.ActiveCfg = Release|Any CPU
		{A7CAA8D5-905B-4999-8011-10B46B013CD3}.Release|Any CPU.Build.0 = Release|Any CPU
		{A7CAA8D5-905B-4999-8011-10B46B013CD3}.Release|x64.ActiveCfg = Release|Any CPU
		{A7CAA8D5-905B-4999-8011-10B46B013CD3}.Release|x64.Build.0 = Release|Any CPU
		{A7CAA8D5-905B-4999-8011-10B46B013CD3}.Release|x86.ActiveCfg = Release|Any CPU
		{A7CAA8D5-905B-4999-8011-10B46B013CD3}.Release|x86.Build.0 = Release|Any CPU
		{2336E542-A82A-496D-9304-D309A38C23F3}.Debug|Any CPU.ActiveCfg = Debug|Any CPU
		{2336E542-A82A-496D-9304-D309A38C23F3}.Debug|Any CPU.Build.0 = Debug|Any CPU
		{2336E542-A82A-496D-9304-D309A38C23F3}.Debug|x64.ActiveCfg = Debug|Any CPU
		{2336E542-A82A-496D-9304-D309A38C23F3}.Debug|x64.Build.0 = Debug|Any CPU
		{2336E542-A82A-496D-9304-D309A38C23F3}.Debug|x86.ActiveCfg = Debug|Any CPU
		{2336E542-A82A-496D-9304-D309A38C23F3}.Debug|x86.Build.0 = Debug|Any CPU
		{2336E542-A82A-496D-9304-D309A38C23F3}.Release|Any CPU.ActiveCfg = Release|Any CPU
		{2336E542-A82A-496D-9304-D309A38C23F3}.Release|Any CPU.Build.0 = Release|Any CPU
		{2336E542-A82A-496D-9304-D309A38C23F3}.Release|x64.ActiveCfg = Release|Any CPU
		{2336E542-A82A-496D-9304-D309A38C23F3}.Release|x64.Build.0 = Release|Any CPU
		{2336E542-A82A-496D-9304-D309A38C23F3}.Release|x86.ActiveCfg = Release|Any CPU
		{2336E542-A82A-496D-9304-D309A38C23F3}.Release|x86.Build.0 = Release|Any CPU
		{36214DCE-47CB-4FCF-94BD-D9E10D03473B}.Debug|Any CPU.ActiveCfg = Debug|Any CPU
		{36214DCE-47CB-4FCF-94BD-D9E10D03473B}.Debug|Any CPU.Build.0 = Debug|Any CPU
		{36214DCE-47CB-4FCF-94BD-D9E10D03473B}.Debug|x64.ActiveCfg = Debug|Any CPU
		{36214DCE-47CB-4FCF-94BD-D9E10D03473B}.Debug|x64.Build.0 = Debug|Any CPU
		{36214DCE-47CB-4FCF-94BD-D9E10D03473B}.Debug|x86.ActiveCfg = Debug|Any CPU
		{36214DCE-47CB-4FCF-94BD-D9E10D03473B}.Debug|x86.Build.0 = Debug|Any CPU
		{36214DCE-47CB-4FCF-94BD-D9E10D03473B}.Release|Any CPU.ActiveCfg = Release|Any CPU
		{36214DCE-47CB-4FCF-94BD-D9E10D03473B}.Release|Any CPU.Build.0 = Release|Any CPU
		{36214DCE-47CB-4FCF-94BD-D9E10D03473B}.Release|x64.ActiveCfg = Release|Any CPU
		{36214DCE-47CB-4FCF-94BD-D9E10D03473B}.Release|x64.Build.0 = Release|Any CPU
		{36214DCE-47CB-4FCF-94BD-D9E10D03473B}.Release|x86.ActiveCfg = Release|Any CPU
		{36214DCE-47CB-4FCF-94BD-D9E10D03473B}.Release|x86.Build.0 = Release|Any CPU
	EndGlobalSection
	GlobalSection(SolutionProperties) = preSolution
		HideSolutionNode = FALSE
	EndGlobalSection
	GlobalSection(NestedProjects) = preSolution
		{EBB3E04F-BC05-444B-80EA-FAAC05240330} = {7932D7AD-6D06-43EF-BE6F-9EBC10E11C23}
		{A7CAA8D5-905B-4999-8011-10B46B013CD3} = {7932D7AD-6D06-43EF-BE6F-9EBC10E11C23}
		{2336E542-A82A-496D-9304-D309A38C23F3} = {7932D7AD-6D06-43EF-BE6F-9EBC10E11C23}
		{36214DCE-47CB-4FCF-94BD-D9E10D03473B} = {F1BC17F8-44EF-49E0-A93A-D15F8A93BF9F}
	EndGlobalSection
	GlobalSection(ExtensibilityGlobals) = postSolution
		SolutionGuid = {9D37AF91-05AE-4DFF-8C28-A5A3E1EC05B1}
	EndGlobalSection
EndGlobal
